// !$*UTF8*$!
{
	archiveVersion = 1;
	classes = {
	};
	objectVersion = 50;
	objects = {

/* Begin PBXBuildFile section */
		5C66823F221B05C400F59042 /* Series.swift in Sources */ = {isa = PBXBuildFile; fileRef = 5C66823E221B05C400F59042 /* Series.swift */; };
		5C668241221B093C00F59042 /* DetailViewController.swift in Sources */ = {isa = PBXBuildFile; fileRef = 5C668240221B093C00F59042 /* DetailViewController.swift */; };
		5C82F05C2211B84E00CDB0C4 /* AppDelegate.swift in Sources */ = {isa = PBXBuildFile; fileRef = 5C82F05B2211B84E00CDB0C4 /* AppDelegate.swift */; };
		5C82F0632211B85000CDB0C4 /* Assets.xcassets in Resources */ = {isa = PBXBuildFile; fileRef = 5C82F0622211B85000CDB0C4 /* Assets.xcassets */; };
		5C82F0662211B85000CDB0C4 /* LaunchScreen.storyboard in Resources */ = {isa = PBXBuildFile; fileRef = 5C82F0642211B85000CDB0C4 /* LaunchScreen.storyboard */; };
		5C82F0712211B85000CDB0C4 /* BingeQueauueauTests.swift in Sources */ = {isa = PBXBuildFile; fileRef = 5C82F0702211B85000CDB0C4 /* BingeQueauueauTests.swift */; };
		5C82F07C2211B85000CDB0C4 /* BingeQueauueauUITests.swift in Sources */ = {isa = PBXBuildFile; fileRef = 5C82F07B2211B85000CDB0C4 /* BingeQueauueauUITests.swift */; };
		5C82F08F2211C78000CDB0C4 /* Main.storyboard in Resources */ = {isa = PBXBuildFile; fileRef = 5C82F08D2211C77F00CDB0C4 /* Main.storyboard */; };
		5C82F0912211C79D00CDB0C4 /* TableViewController.swift in Sources */ = {isa = PBXBuildFile; fileRef = 5C82F0902211C79D00CDB0C4 /* TableViewController.swift */; };
/* End PBXBuildFile section */

/* Begin PBXContainerItemProxy section */
		5C82F06D2211B85000CDB0C4 /* PBXContainerItemProxy */ = {
			isa = PBXContainerItemProxy;
			containerPortal = 5C82F0502211B84E00CDB0C4 /* Project object */;
			proxyType = 1;
			remoteGlobalIDString = 5C82F0572211B84E00CDB0C4;
			remoteInfo = BingeQueauueau;
		};
		5C82F0782211B85000CDB0C4 /* PBXContainerItemProxy */ = {
			isa = PBXContainerItemProxy;
			containerPortal = 5C82F0502211B84E00CDB0C4 /* Project object */;
			proxyType = 1;
			remoteGlobalIDString = 5C82F0572211B84E00CDB0C4;
			remoteInfo = BingeQueauueau;
		};
/* End PBXContainerItemProxy section */

/* Begin PBXFileReference section */
		5C66823E221B05C400F59042 /* Series.swift */ = {isa = PBXFileReference; lastKnownFileType = sourcecode.swift; path = Series.swift; sourceTree = "<group>"; };
		5C668240221B093C00F59042 /* DetailViewController.swift */ = {isa = PBXFileReference; lastKnownFileType = sourcecode.swift; path = DetailViewController.swift; sourceTree = "<group>"; };
		5C82F0582211B84E00CDB0C4 /* BingeQueauueau.app */ = {isa = PBXFileReference; explicitFileType = wrapper.application; includeInIndex = 0; path = BingeQueauueau.app; sourceTree = BUILT_PRODUCTS_DIR; };
		5C82F05B2211B84E00CDB0C4 /* AppDelegate.swift */ = {isa = PBXFileReference; lastKnownFileType = sourcecode.swift; path = AppDelegate.swift; sourceTree = "<group>"; };
		5C82F0622211B85000CDB0C4 /* Assets.xcassets */ = {isa = PBXFileReference; lastKnownFileType = folder.assetcatalog; path = Assets.xcassets; sourceTree = "<group>"; };
		5C82F0652211B85000CDB0C4 /* Base */ = {isa = PBXFileReference; lastKnownFileType = file.storyboard; name = Base; path = Base.lproj/LaunchScreen.storyboard; sourceTree = "<group>"; };
		5C82F0672211B85000CDB0C4 /* Info.plist */ = {isa = PBXFileReference; lastKnownFileType = text.plist.xml; path = Info.plist; sourceTree = "<group>"; };
		5C82F06C2211B85000CDB0C4 /* BingeQueauueauTests.xctest */ = {isa = PBXFileReference; explicitFileType = wrapper.cfbundle; includeInIndex = 0; path = BingeQueauueauTests.xctest; sourceTree = BUILT_PRODUCTS_DIR; };
		5C82F0702211B85000CDB0C4 /* BingeQueauueauTests.swift */ = {isa = PBXFileReference; lastKnownFileType = sourcecode.swift; path = BingeQueauueauTests.swift; sourceTree = "<group>"; };
		5C82F0722211B85000CDB0C4 /* Info.plist */ = {isa = PBXFileReference; lastKnownFileType = text.plist.xml; path = Info.plist; sourceTree = "<group>"; };
		5C82F0772211B85000CDB0C4 /* BingeQueauueauUITests.xctest */ = {isa = PBXFileReference; explicitFileType = wrapper.cfbundle; includeInIndex = 0; path = BingeQueauueauUITests.xctest; sourceTree = BUILT_PRODUCTS_DIR; };
		5C82F07B2211B85000CDB0C4 /* BingeQueauueauUITests.swift */ = {isa = PBXFileReference; lastKnownFileType = sourcecode.swift; path = BingeQueauueauUITests.swift; sourceTree = "<group>"; };
		5C82F07D2211B85000CDB0C4 /* Info.plist */ = {isa = PBXFileReference; lastKnownFileType = text.plist.xml; path = Info.plist; sourceTree = "<group>"; };
		5C82F08E2211C77F00CDB0C4 /* Base */ = {isa = PBXFileReference; lastKnownFileType = file.storyboard; name = Base; path = Base.lproj/Main.storyboard; sourceTree = "<group>"; };
		5C82F0902211C79D00CDB0C4 /* TableViewController.swift */ = {isa = PBXFileReference; lastKnownFileType = sourcecode.swift; path = TableViewController.swift; sourceTree = "<group>"; };
/* End PBXFileReference section */

/* Begin PBXFrameworksBuildPhase section */
		5C82F0552211B84E00CDB0C4 /* Frameworks */ = {
			isa = PBXFrameworksBuildPhase;
			buildActionMask = 2147483647;
			files = (
			);
			runOnlyForDeploymentPostprocessing = 0;
		};
		5C82F0692211B85000CDB0C4 /* Frameworks */ = {
			isa = PBXFrameworksBuildPhase;
			buildActionMask = 2147483647;
			files = (
			);
			runOnlyForDeploymentPostprocessing = 0;
		};
		5C82F0742211B85000CDB0C4 /* Frameworks */ = {
			isa = PBXFrameworksBuildPhase;
			buildActionMask = 2147483647;
			files = (
			);
			runOnlyForDeploymentPostprocessing = 0;
		};
/* End PBXFrameworksBuildPhase section */

/* Begin PBXGroup section */
		5C82F04F2211B84E00CDB0C4 = {
			isa = PBXGroup;
			children = (
				5C82F05A2211B84E00CDB0C4 /* BingeQueauueau */,
				5C82F06F2211B85000CDB0C4 /* BingeQueauueauTests */,
				5C82F07A2211B85000CDB0C4 /* BingeQueauueauUITests */,
				5C82F0592211B84E00CDB0C4 /* Products */,
			);
			sourceTree = "<group>";
		};
		5C82F0592211B84E00CDB0C4 /* Products */ = {
			isa = PBXGroup;
			children = (
				5C82F0582211B84E00CDB0C4 /* BingeQueauueau.app */,
				5C82F06C2211B85000CDB0C4 /* BingeQueauueauTests.xctest */,
				5C82F0772211B85000CDB0C4 /* BingeQueauueauUITests.xctest */,
			);
			name = Products;
			sourceTree = "<group>";
		};
		5C82F05A2211B84E00CDB0C4 /* BingeQueauueau */ = {
			isa = PBXGroup;
			children = (
				5C82F08D2211C77F00CDB0C4 /* Main.storyboard */,
				5C82F05B2211B84E00CDB0C4 /* AppDelegate.swift */,
				5C82F0622211B85000CDB0C4 /* Assets.xcassets */,
				5C82F0642211B85000CDB0C4 /* LaunchScreen.storyboard */,
				5C82F0672211B85000CDB0C4 /* Info.plist */,
				5C82F0902211C79D00CDB0C4 /* TableViewController.swift */,
				5C66823E221B05C400F59042 /* Series.swift */,
				5C668240221B093C00F59042 /* DetailViewController.swift */,
			);
			path = BingeQueauueau;
			sourceTree = "<group>";
		};
		5C82F06F2211B85000CDB0C4 /* BingeQueauueauTests */ = {
			isa = PBXGroup;
			children = (
				5C82F0702211B85000CDB0C4 /* BingeQueauueauTests.swift */,
				5C82F0722211B85000CDB0C4 /* Info.plist */,
			);
			path = BingeQueauueauTests;
			sourceTree = "<group>";
		};
		5C82F07A2211B85000CDB0C4 /* BingeQueauueauUITests */ = {
			isa = PBXGroup;
			children = (
				5C82F07B2211B85000CDB0C4 /* BingeQueauueauUITests.swift */,
				5C82F07D2211B85000CDB0C4 /* Info.plist */,
			);
			path = BingeQueauueauUITests;
			sourceTree = "<group>";
		};
/* End PBXGroup section */

/* Begin PBXNativeTarget section */
		5C82F0572211B84E00CDB0C4 /* BingeQueauueau */ = {
			isa = PBXNativeTarget;
			buildConfigurationList = 5C82F0802211B85000CDB0C4 /* Build configuration list for PBXNativeTarget "BingeQueauueau" */;
			buildPhases = (
				5C82F0542211B84E00CDB0C4 /* Sources */,
				5C82F0552211B84E00CDB0C4 /* Frameworks */,
				5C82F0562211B84E00CDB0C4 /* Resources */,
			);
			buildRules = (
			);
			dependencies = (
			);
			name = BingeQueauueau;
			productName = BingeQueauueau;
			productReference = 5C82F0582211B84E00CDB0C4 /* BingeQueauueau.app */;
			productType = "com.apple.product-type.application";
		};
		5C82F06B2211B85000CDB0C4 /* BingeQueauueauTests */ = {
			isa = PBXNativeTarget;
			buildConfigurationList = 5C82F0832211B85000CDB0C4 /* Build configuration list for PBXNativeTarget "BingeQueauueauTests" */;
			buildPhases = (
				5C82F0682211B85000CDB0C4 /* Sources */,
				5C82F0692211B85000CDB0C4 /* Frameworks */,
				5C82F06A2211B85000CDB0C4 /* Resources */,
			);
			buildRules = (
			);
			dependencies = (
				5C82F06E2211B85000CDB0C4 /* PBXTargetDependency */,
			);
			name = BingeQueauueauTests;
			productName = BingeQueauueauTests;
			productReference = 5C82F06C2211B85000CDB0C4 /* BingeQueauueauTests.xctest */;
			productType = "com.apple.product-type.bundle.unit-test";
		};
		5C82F0762211B85000CDB0C4 /* BingeQueauueauUITests */ = {
			isa = PBXNativeTarget;
			buildConfigurationList = 5C82F0862211B85000CDB0C4 /* Build configuration list for PBXNativeTarget "BingeQueauueauUITests" */;
			buildPhases = (
				5C82F0732211B85000CDB0C4 /* Sources */,
				5C82F0742211B85000CDB0C4 /* Frameworks */,
				5C82F0752211B85000CDB0C4 /* Resources */,
			);
			buildRules = (
			);
			dependencies = (
				5C82F0792211B85000CDB0C4 /* PBXTargetDependency */,
			);
			name = BingeQueauueauUITests;
			productName = BingeQueauueauUITests;
			productReference = 5C82F0772211B85000CDB0C4 /* BingeQueauueauUITests.xctest */;
			productType = "com.apple.product-type.bundle.ui-testing";
		};
/* End PBXNativeTarget section */

/* Begin PBXProject section */
		5C82F0502211B84E00CDB0C4 /* Project object */ = {
			isa = PBXProject;
			attributes = {
				LastSwiftUpdateCheck = 1010;
				LastUpgradeCheck = 1010;
				ORGANIZATIONNAME = "Ruben Soerdien";
				TargetAttributes = {
					5C82F0572211B84E00CDB0C4 = {
						CreatedOnToolsVersion = 10.1;
					};
					5C82F06B2211B85000CDB0C4 = {
						CreatedOnToolsVersion = 10.1;
						TestTargetID = 5C82F0572211B84E00CDB0C4;
					};
					5C82F0762211B85000CDB0C4 = {
						CreatedOnToolsVersion = 10.1;
						TestTargetID = 5C82F0572211B84E00CDB0C4;
					};
				};
			};
			buildConfigurationList = 5C82F0532211B84E00CDB0C4 /* Build configuration list for PBXProject "BingeQueauueau" */;
			compatibilityVersion = "Xcode 9.3";
			developmentRegion = en;
			hasScannedForEncodings = 0;
			knownRegions = (
				en,
				Base,
			);
			mainGroup = 5C82F04F2211B84E00CDB0C4;
			productRefGroup = 5C82F0592211B84E00CDB0C4 /* Products */;
			projectDirPath = "";
			projectRoot = "";
			targets = (
				5C82F0572211B84E00CDB0C4 /* BingeQueauueau */,
				5C82F06B2211B85000CDB0C4 /* BingeQueauueauTests */,
				5C82F0762211B85000CDB0C4 /* BingeQueauueauUITests */,
			);
		};
/* End PBXProject section */

/* Begin PBXResourcesBuildPhase section */
		5C82F0562211B84E00CDB0C4 /* Resources */ = {
			isa = PBXResourcesBuildPhase;
			buildActionMask = 2147483647;
			files = (
				5C82F08F2211C78000CDB0C4 /* Main.storyboard in Resources */,
				5C82F0662211B85000CDB0C4 /* LaunchScreen.storyboard in Resources */,
				5C82F0632211B85000CDB0C4 /* Assets.xcassets in Resources */,
			);
			runOnlyForDeploymentPostprocessing = 0;
		};
		5C82F06A2211B85000CDB0C4 /* Resources */ = {
			isa = PBXResourcesBuildPhase;
			buildActionMask = 2147483647;
			files = (
			);
			runOnlyForDeploymentPostprocessing = 0;
		};
		5C82F0752211B85000CDB0C4 /* Resources */ = {
			isa = PBXResourcesBuildPhase;
			buildActionMask = 2147483647;
			files = (
			);
			runOnlyForDeploymentPostprocessing = 0;
		};
/* End PBXResourcesBuildPhase section */

/* Begin PBXSourcesBuildPhase section */
		5C82F0542211B84E00CDB0C4 /* Sources */ = {
			isa = PBXSourcesBuildPhase;
			buildActionMask = 2147483647;
			files = (
				5C66823F221B05C400F59042 /* Series.swift in Sources */,
				5C82F05C2211B84E00CDB0C4 /* AppDelegate.swift in Sources */,
				5C82F0912211C79D00CDB0C4 /* TableViewController.swift in Sources */,
				5C668241221B093C00F59042 /* DetailViewController.swift in Sources */,
			);
			runOnlyForDeploymentPostprocessing = 0;
		};
		5C82F0682211B85000CDB0C4 /* Sources */ = {
			isa = PBXSourcesBuildPhase;
			buildActionMask = 2147483647;
			files = (
				5C82F0712211B85000CDB0C4 /* BingeQueauueauTests.swift in Sources */,
			);
			runOnlyForDeploymentPostprocessing = 0;
		};
		5C82F0732211B85000CDB0C4 /* Sources */ = {
			isa = PBXSourcesBuildPhase;
			buildActionMask = 2147483647;
			files = (
				5C82F07C2211B85000CDB0C4 /* BingeQueauueauUITests.swift in Sources */,
			);
			runOnlyForDeploymentPostprocessing = 0;
		};
/* End PBXSourcesBuildPhase section */

/* Begin PBXTargetDependency section */
		5C82F06E2211B85000CDB0C4 /* PBXTargetDependency */ = {
			isa = PBXTargetDependency;
			target = 5C82F0572211B84E00CDB0C4 /* BingeQueauueau */;
			targetProxy = 5C82F06D2211B85000CDB0C4 /* PBXContainerItemProxy */;
		};
		5C82F0792211B85000CDB0C4 /* PBXTargetDependency */ = {
			isa = PBXTargetDependency;
			target = 5C82F0572211B84E00CDB0C4 /* BingeQueauueau */;
			targetProxy = 5C82F0782211B85000CDB0C4 /* PBXContainerItemProxy */;
		};
/* End PBXTargetDependency section */

/* Begin PBXVariantGroup section */
		5C82F0642211B85000CDB0C4 /* LaunchScreen.storyboard */ = {
			isa = PBXVariantGroup;
			children = (
				5C82F0652211B85000CDB0C4 /* Base */,
			);
			name = LaunchScreen.storyboard;
			sourceTree = "<group>";
		};
		5C82F08D2211C77F00CDB0C4 /* Main.storyboard */ = {
			isa = PBXVariantGroup;
			children = (
				5C82F08E2211C77F00CDB0C4 /* Base */,
			);
			name = Main.storyboard;
			sourceTree = "<group>";
		};
/* End PBXVariantGroup section */

/* Begin XCBuildConfiguration section */
		5C82F07E2211B85000CDB0C4 /* Debug */ = {
			isa = XCBuildConfiguration;
			buildSettings = {
				ALWAYS_SEARCH_USER_PATHS = NO;
				CLANG_ANALYZER_NONNULL = YES;
				CLANG_ANALYZER_NUMBER_OBJECT_CONVERSION = YES_AGGRESSIVE;
				CLANG_CXX_LANGUAGE_STANDARD = "gnu++14";
				CLANG_CXX_LIBRARY = "libc++";
				CLANG_ENABLE_MODULES = YES;
				CLANG_ENABLE_OBJC_ARC = YES;
				CLANG_ENABLE_OBJC_WEAK = YES;
				CLANG_WARN_BLOCK_CAPTURE_AUTORELEASING = YES;
				CLANG_WARN_BOOL_CONVERSION = YES;
				CLANG_WARN_COMMA = YES;
				CLANG_WARN_CONSTANT_CONVERSION = YES;
				CLANG_WARN_DEPRECATED_OBJC_IMPLEMENTATIONS = YES;
				CLANG_WARN_DIRECT_OBJC_ISA_USAGE = YES_ERROR;
				CLANG_WARN_DOCUMENTATION_COMMENTS = YES;
				CLANG_WARN_EMPTY_BODY = YES;
				CLANG_WARN_ENUM_CONVERSION = YES;
				CLANG_WARN_INFINITE_RECURSION = YES;
				CLANG_WARN_INT_CONVERSION = YES;
				CLANG_WARN_NON_LITERAL_NULL_CONVERSION = YES;
				CLANG_WARN_OBJC_IMPLICIT_RETAIN_SELF = YES;
				CLANG_WARN_OBJC_LITERAL_CONVERSION = YES;
				CLANG_WARN_OBJC_ROOT_CLASS = YES_ERROR;
				CLANG_WARN_RANGE_LOOP_ANALYSIS = YES;
				CLANG_WARN_STRICT_PROTOTYPES = YES;
				CLANG_WARN_SUSPICIOUS_MOVE = YES;
				CLANG_WARN_UNGUARDED_AVAILABILITY = YES_AGGRESSIVE;
				CLANG_WARN_UNREACHABLE_CODE = YES;
				CLANG_WARN__DUPLICATE_METHOD_MATCH = YES;
				CODE_SIGN_IDENTITY = "iPhone Developer";
				COPY_PHASE_STRIP = NO;
				DEBUG_INFORMATION_FORMAT = dwarf;
				ENABLE_STRICT_OBJC_MSGSEND = YES;
				ENABLE_TESTABILITY = YES;
				GCC_C_LANGUAGE_STANDARD = gnu11;
				GCC_DYNAMIC_NO_PIC = NO;
				GCC_NO_COMMON_BLOCKS = YES;
				GCC_OPTIMIZATION_LEVEL = 0;
				GCC_PREPROCESSOR_DEFINITIONS = (
					"DEBUG=1",
					"$(inherited)",
				);
				GCC_WARN_64_TO_32_BIT_CONVERSION = YES;
				GCC_WARN_ABOUT_RETURN_TYPE = YES_ERROR;
				GCC_WARN_UNDECLARED_SELECTOR = YES;
				GCC_WARN_UNINITIALIZED_AUTOS = YES_AGGRESSIVE;
				GCC_WARN_UNUSED_FUNCTION = YES;
				GCC_WARN_UNUSED_VARIABLE = YES;
				IPHONEOS_DEPLOYMENT_TARGET = 12.1;
				MTL_ENABLE_DEBUG_INFO = INCLUDE_SOURCE;
				MTL_FAST_MATH = YES;
				ONLY_ACTIVE_ARCH = YES;
				SDKROOT = iphoneos;
				SWIFT_ACTIVE_COMPILATION_CONDITIONS = DEBUG;
				SWIFT_OPTIMIZATION_LEVEL = "-Onone";
			};
			name = Debug;
		};
		5C82F07F2211B85000CDB0C4 /* Release */ = {
			isa = XCBuildConfiguration;
			buildSettings = {
				ALWAYS_SEARCH_USER_PATHS = NO;
				CLANG_ANALYZER_NONNULL = YES;
				CLANG_ANALYZER_NUMBER_OBJECT_CONVERSION = YES_AGGRESSIVE;
				CLANG_CXX_LANGUAGE_STANDARD = "gnu++14";
				CLANG_CXX_LIBRARY = "libc++";
				CLANG_ENABLE_MODULES = YES;
				CLANG_ENABLE_OBJC_ARC = YES;
				CLANG_ENABLE_OBJC_WEAK = YES;
				CLANG_WARN_BLOCK_CAPTURE_AUTORELEASING = YES;
				CLANG_WARN_BOOL_CONVERSION = YES;
				CLANG_WARN_COMMA = YES;
				CLANG_WARN_CONSTANT_CONVERSION = YES;
				CLANG_WARN_DEPRECATED_OBJC_IMPLEMENTATIONS = YES;
				CLANG_WARN_DIRECT_OBJC_ISA_USAGE = YES_ERROR;
				CLANG_WARN_DOCUMENTATION_COMMENTS = YES;
				CLANG_WARN_EMPTY_BODY = YES;
				CLANG_WARN_ENUM_CONVERSION = YES;
				CLANG_WARN_INFINITE_RECURSION = YES;
				CLANG_WARN_INT_CONVERSION = YES;
				CLANG_WARN_NON_LITERAL_NULL_CONVERSION = YES;
				CLANG_WARN_OBJC_IMPLICIT_RETAIN_SELF = YES;
				CLANG_WARN_OBJC_LITERAL_CONVERSION = YES;
				CLANG_WARN_OBJC_ROOT_CLASS = YES_ERROR;
				CLANG_WARN_RANGE_LOOP_ANALYSIS = YES;
				CLANG_WARN_STRICT_PROTOTYPES = YES;
				CLANG_WARN_SUSPICIOUS_MOVE = YES;
				CLANG_WARN_UNGUARDED_AVAILABILITY = YES_AGGRESSIVE;
				CLANG_WARN_UNREACHABLE_CODE = YES;
				CLANG_WARN__DUPLICATE_METHOD_MATCH = YES;
				CODE_SIGN_IDENTITY = "iPhone Developer";
				COPY_PHASE_STRIP = NO;
				DEBUG_INFORMATION_FORMAT = "dwarf-with-dsym";
				ENABLE_NS_ASSERTIONS = NO;
				ENABLE_STRICT_OBJC_MSGSEND = YES;
				GCC_C_LANGUAGE_STANDARD = gnu11;
				GCC_NO_COMMON_BLOCKS = YES;
				GCC_WARN_64_TO_32_BIT_CONVERSION = YES;
				GCC_WARN_ABOUT_RETURN_TYPE = YES_ERROR;
				GCC_WARN_UNDECLARED_SELECTOR = YES;
				GCC_WARN_UNINITIALIZED_AUTOS = YES_AGGRESSIVE;
				GCC_WARN_UNUSED_FUNCTION = YES;
				GCC_WARN_UNUSED_VARIABLE = YES;
				IPHONEOS_DEPLOYMENT_TARGET = 12.1;
				MTL_ENABLE_DEBUG_INFO = NO;
				MTL_FAST_MATH = YES;
				SDKROOT = iphoneos;
				SWIFT_COMPILATION_MODE = wholemodule;
				SWIFT_OPTIMIZATION_LEVEL = "-O";
				VALIDATE_PRODUCT = YES;
			};
			name = Release;
		};
		5C82F0812211B85000CDB0C4 /* Debug */ = {
			isa = XCBuildConfiguration;
			buildSettings = {
				ASSETCATALOG_COMPILER_APPICON_NAME = AppIcon;
				CODE_SIGN_STYLE = Automatic;
				INFOPLIST_FILE = BingeQueauueau/Info.plist;
				LD_RUNPATH_SEARCH_PATHS = (
					"$(inherited)",
					"@executable_path/Frameworks",
				);
				PRODUCT_BUNDLE_IDENTIFIER = idk.BingeQueauueau;
				PRODUCT_NAME = "$(TARGET_NAME)";
				SWIFT_VERSION = 4.2;
				TARGETED_DEVICE_FAMILY = "1,2";
			};
			name = Debug;
		};
		5C82F0822211B85000CDB0C4 /* Release */ = {
			isa = XCBuildConfiguration;
			buildSettings = {
				ASSETCATALOG_COMPILER_APPICON_NAME = AppIcon;
				CODE_SIGN_STYLE = Automatic;
				INFOPLIST_FILE = BingeQueauueau/Info.plist;
				LD_RUNPATH_SEARCH_PATHS = (
					"$(inherited)",
					"@executable_path/Frameworks",
				);
				PRODUCT_BUNDLE_IDENTIFIER = idk.BingeQueauueau;
				PRODUCT_NAME = "$(TARGET_NAME)";
				SWIFT_VERSION = 4.2;
				TARGETED_DEVICE_FAMILY = "1,2";
			};
			name = Release;
		};
		5C82F0842211B85000CDB0C4 /* Debug */ = {
			isa = XCBuildConfiguration;
			buildSettings = {
				ALWAYS_EMBED_SWIFT_STANDARD_LIBRARIES = YES;
				BUNDLE_LOADER = "$(TEST_HOST)";
				CODE_SIGN_STYLE = Automatic;
				INFOPLIST_FILE = BingeQueauueauTests/Info.plist;
				LD_RUNPATH_SEARCH_PATHS = (
					"$(inherited)",
					"@executable_path/Frameworks",
					"@loader_path/Frameworks",
				);
				PRODUCT_BUNDLE_IDENTIFIER = idk.BingeQueauueauTests;
				PRODUCT_NAME = "$(TARGET_NAME)";
				SWIFT_VERSION = 4.2;
				TARGETED_DEVICE_FAMILY = "1,2";
				TEST_HOST = "$(BUILT_PRODUCTS_DIR)/BingeQueauueau.app/BingeQueauueau";
			};
			name = Debug;
		};
		5C82F0852211B85000CDB0C4 /* Release */ = {
			isa = XCBuildConfiguration;
			buildSettings = {
				ALWAYS_EMBED_SWIFT_STANDARD_LIBRARIES = YES;
				BUNDLE_LOADER = "$(TEST_HOST)";
				CODE_SIGN_STYLE = Automatic;
				INFOPLIST_FILE = BingeQueauueauTests/Info.plist;
				LD_RUNPATH_SEARCH_PATHS = (
					"$(inherited)",
					"@executable_path/Frameworks",
					"@loader_path/Frameworks",
				);
				PRODUCT_BUNDLE_IDENTIFIER = idk.BingeQueauueauTests;
				PRODUCT_NAME = "$(TARGET_NAME)";
				SWIFT_VERSION = 4.2;
				TARGETED_DEVICE_FAMILY = "1,2";
				TEST_HOST = "$(BUILT_PRODUCTS_DIR)/BingeQueauueau.app/BingeQueauueau";
			};
			name = Release;
		};
		5C82F0872211B85000CDB0C4 /* Debug */ = {
			isa = XCBuildConfiguration;
			buildSettings = {
				ALWAYS_EMBED_SWIFT_STANDARD_LIBRARIES = YES;
				CODE_SIGN_STYLE = Automatic;
				INFOPLIST_FILE = BingeQueauueauUITests/Info.plist;
				LD_RUNPATH_SEARCH_PATHS = (
					"$(inherited)",
					"@executable_path/Frameworks",
					"@loader_path/Frameworks",
				);
				PRODUCT_BUNDLE_IDENTIFIER = idk.BingeQueauueauUITests;
				PRODUCT_NAME = "$(TARGET_NAME)";
				SWIFT_VERSION = 4.2;
				TARGETED_DEVICE_FAMILY = "1,2";
				TEST_TARGET_NAME = BingeQueauueau;
			};
			name = Debug;
		};
		5C82F0882211B85000CDB0C4 /* Release */ = {
			isa = XCBuildConfiguration;
			buildSettings = {
				ALWAYS_EMBED_SWIFT_STANDARD_LIBRARIES = YES;
				CODE_SIGN_STYLE = Automatic;
				INFOPLIST_FILE = BingeQueauueauUITests/Info.plist;
				LD_RUNPATH_SEARCH_PATHS = (
					"$(inherited)",
					"@executable_path/Frameworks",
					"@loader_path/Frameworks",
				);
				PRODUCT_BUNDLE_IDENTIFIER = idk.BingeQueauueauUITests;
				PRODUCT_NAME = "$(TARGET_NAME)";
				SWIFT_VERSION = 4.2;
				TARGETED_DEVICE_FAMILY = "1,2";
				TEST_TARGET_NAME = BingeQueauueau;
			};
			name = Release;
		};
/* End XCBuildConfiguration section */

/* Begin XCConfigurationList section */
		5C82F0532211B84E00CDB0C4 /* Build configuration list for PBXProject "BingeQueauueau" */ = {
			isa = XCConfigurationList;
			buildConfigurations = (
				5C82F07E2211B85000CDB0C4 /* Debug */,
				5C82F07F2211B85000CDB0C4 /* Release */,
			);
			defaultConfigurationIsVisible = 0;
			defaultConfigurationName = Release;
		};
		5C82F0802211B85000CDB0C4 /* Build configuration list for PBXNativeTarget "BingeQueauueau" */ = {
			isa = XCConfigurationList;
			buildConfigurations = (
				5C82F0812211B85000CDB0C4 /* Debug */,
				5C82F0822211B85000CDB0C4 /* Release */,
			);
			defaultConfigurationIsVisible = 0;
			defaultConfigurationName = Release;
		};
		5C82F0832211B85000CDB0C4 /* Build configuration list for PBXNativeTarget "BingeQueauueauTests" */ = {
			isa = XCConfigurationList;
			buildConfigurations = (
				5C82F0842211B85000CDB0C4 /* Debug */,
				5C82F0852211B85000CDB0C4 /* Release */,
			);
			defaultConfigurationIsVisible = 0;
			defaultConfigurationName = Release;
		};
		5C82F0862211B85000CDB0C4 /* Build configuration list for PBXNativeTarget "BingeQueauueauUITests" */ = {
			isa = XCConfigurationList;
			buildConfigurations = (
				5C82F0872211B85000CDB0C4 /* Debug */,
				5C82F0882211B85000CDB0C4 /* Release */,
			);
			defaultConfigurationIsVisible = 0;
			defaultConfigurationName = Release;
		};
/* End XCConfigurationList section */
	};
	rootObject = 5C82F0502211B84E00CDB0C4 /* Project object */;
}
